
Microsoft Visual Studio Solution File, Format Version 12.00
# Visual Studio Version 16
VisualStudioVersion = 16.0.31025.218
MinimumVisualStudioVersion = 10.0.40219.1
Project("{FAE04EC0-301F-11D3-BF4B-00C04F79EFBC}") = "ProblemWithNestedCascadingParams", "ProblemWithNestedCascadingParams.csproj", "{E844AC79-EEDF-4B4E-881A-86B37B92E6EA}"
EndProject
Global
	GlobalSection(SolutionConfigurationPlatforms) = preSolution
		Debug|Any CPU = Debug|Any CPU
		Release|Any CPU = Release|Any CPU
	EndGlobalSection
	GlobalSection(ProjectConfigurationPlatforms) = postSolution
		{E844AC79-EEDF-4B4E-881A-86B37B92E6EA}.Debug|Any CPU.ActiveCfg = Debug|Any CPU
		{E844AC79-EEDF-4B4E-881A-86B37B92E6EA}.Debug|Any CPU.Build.0 = Debug|Any CPU
		{E844AC79-EEDF-4B4E-881A-86B37B92E6EA}.Release|Any CPU.ActiveCfg = Release|Any CPU
		{E844AC79-EEDF-4B4E-881A-86B37B92E6EA}.Release|Any CPU.Build.0 = Release|Any CPU
	EndGlobalSection
	GlobalSection(SolutionProperties) = preSolution
		HideSolutionNode = FALSE
	EndGlobalSection
	GlobalSection(ExtensibilityGlobals) = postSolution
		SolutionGuid = {E7633CB9-7FFB-4C9A-9686-876ABA4E61CD}
	EndGlobalSection
EndGlobal
